
Microsoft Visual Studio Solution File, Format Version 12.00
# Visual Studio Version 16
VisualStudioVersion = 16.0.29418.71
MinimumVisualStudioVersion = 10.0.40219.1
Project("{9A19103F-16F7-4668-BE54-9A1E7A4F7556}") = "PlayNetworkAPI", "PlayNetworkAPI\PlayNetworkAPI.csproj", "{3D1C8853-66B1-4864-AA6E-F9B7B1C939B5}"
EndProject
Project("{2150E333-8FDC-42A3-9474-1A3956D46DE8}") = "APIServices", "APIServices", "{D3E6864D-7DB7-4BE3-8941-29A997686B87}"
EndProject
Project("{FAE04EC0-301F-11D3-BF4B-00C04F79EFBC}") = "Utilities", "Utilities\Utilities.csproj", "{89B9E651-4A8C-487F-8E58-4F3599D18208}"
EndProject
Project("{FAE04EC0-301F-11D3-BF4B-00C04F79EFBC}") = "SharedService", "SharedService\SharedService.csproj", "{B8236571-80CF-490C-AFA7-E8388D6511CF}"
EndProject
Project("{FAE04EC0-301F-11D3-BF4B-00C04F79EFBC}") = "Persistence", "Persistence\Persistence.csproj", "{E84048BE-71F5-48C4-A349-4FD847D5E3E4}"
EndProject
Project("{FAE04EC0-301F-11D3-BF4B-00C04F79EFBC}") = "PaymentService", "PaymentService\PaymentService.csproj", "{48A4C613-C3B2-4A06-A4D7-46F71751DD8E}"
EndProject
Project("{FAE04EC0-301F-11D3-BF4B-00C04F79EFBC}") = "PaymentPlugin", "PaymentPlugin\PaymentPlugin.csproj", "{78785D93-00BC-43C5-8703-F0DA8F086B28}"
EndProject
Project("{FAE04EC0-301F-11D3-BF4B-00C04F79EFBC}") = "OnboardingService", "OnboardingService\OnboardingService.csproj", "{920FCA12-90F8-460A-9F8F-D844E43E21A7}"
EndProject
Project("{FAE04EC0-301F-11D3-BF4B-00C04F79EFBC}") = "ExtendedNotificationService", "ExtendedNotificationService\ExtendedNotificationService.csproj", "{4B6C5F8A-5BBB-4B38-B7A6-E075CFEC3796}"
EndProject
Project("{FAE04EC0-301F-11D3-BF4B-00C04F79EFBC}") = "Domain", "Domain\Domain.csproj", "{73581BB1-469A-4533-A97D-6ABCCFE2C89A}"
EndProject
Project("{FAE04EC0-301F-11D3-BF4B-00C04F79EFBC}") = "APICore", "APICore\APICore.csproj", "{886520EE-7DAB-438A-A9BB-FA0D49794DDA}"
EndProject
Project("{FAE04EC0-301F-11D3-BF4B-00C04F79EFBC}") = "APIWebInterface", "APIWebInterface\APIWebInterface.csproj", "{DB205CF6-64B8-424B-A9CD-F640BE1A9626}"
EndProject
Global
	GlobalSection(SolutionConfigurationPlatforms) = preSolution
		Debug|Any CPU = Debug|Any CPU
		Release|Any CPU = Release|Any CPU
	EndGlobalSection
	GlobalSection(ProjectConfigurationPlatforms) = postSolution
		{3D1C8853-66B1-4864-AA6E-F9B7B1C939B5}.Debug|Any CPU.ActiveCfg = Debug|Any CPU
		{3D1C8853-66B1-4864-AA6E-F9B7B1C939B5}.Debug|Any CPU.Build.0 = Debug|Any CPU
		{3D1C8853-66B1-4864-AA6E-F9B7B1C939B5}.Release|Any CPU.ActiveCfg = Release|Any CPU
		{3D1C8853-66B1-4864-AA6E-F9B7B1C939B5}.Release|Any CPU.Build.0 = Release|Any CPU
		{89B9E651-4A8C-487F-8E58-4F3599D18208}.Debug|Any CPU.ActiveCfg = Debug|Any CPU
		{89B9E651-4A8C-487F-8E58-4F3599D18208}.Debug|Any CPU.Build.0 = Debug|Any CPU
		{89B9E651-4A8C-487F-8E58-4F3599D18208}.Release|Any CPU.ActiveCfg = Release|Any CPU
		{89B9E651-4A8C-487F-8E58-4F3599D18208}.Release|Any CPU.Build.0 = Release|Any CPU
		{B8236571-80CF-490C-AFA7-E8388D6511CF}.Debug|Any CPU.ActiveCfg = Debug|Any CPU
		{B8236571-80CF-490C-AFA7-E8388D6511CF}.Debug|Any CPU.Build.0 = Debug|Any CPU
		{B8236571-80CF-490C-AFA7-E8388D6511CF}.Release|Any CPU.ActiveCfg = Release|Any CPU
		{B8236571-80CF-490C-AFA7-E8388D6511CF}.Release|Any CPU.Build.0 = Release|Any CPU
		{E84048BE-71F5-48C4-A349-4FD847D5E3E4}.Debug|Any CPU.ActiveCfg = Debug|Any CPU
		{E84048BE-71F5-48C4-A349-4FD847D5E3E4}.Debug|Any CPU.Build.0 = Debug|Any CPU
		{E84048BE-71F5-48C4-A349-4FD847D5E3E4}.Release|Any CPU.ActiveCfg = Release|Any CPU
		{E84048BE-71F5-48C4-A349-4FD847D5E3E4}.Release|Any CPU.Build.0 = Release|Any CPU
		{48A4C613-C3B2-4A06-A4D7-46F71751DD8E}.Debug|Any CPU.ActiveCfg = Debug|Any CPU
		{48A4C613-C3B2-4A06-A4D7-46F71751DD8E}.Debug|Any CPU.Build.0 = Debug|Any CPU
		{48A4C613-C3B2-4A06-A4D7-46F71751DD8E}.Release|Any CPU.ActiveCfg = Release|Any CPU
		{48A4C613-C3B2-4A06-A4D7-46F71751DD8E}.Release|Any CPU.Build.0 = Release|Any CPU
		{78785D93-00BC-43C5-8703-F0DA8F086B28}.Debug|Any CPU.ActiveCfg = Debug|Any CPU
		{78785D93-00BC-43C5-8703-F0DA8F086B28}.Debug|Any CPU.Build.0 = Debug|Any CPU
		{78785D93-00BC-43C5-8703-F0DA8F086B28}.Release|Any CPU.ActiveCfg = Release|Any CPU
		{78785D93-00BC-43C5-8703-F0DA8F086B28}.Release|Any CPU.Build.0 = Release|Any CPU
		{920FCA12-90F8-460A-9F8F-D844E43E21A7}.Debug|Any CPU.ActiveCfg = Debug|Any CPU
		{920FCA12-90F8-460A-9F8F-D844E43E21A7}.Debug|Any CPU.Build.0 = Debug|Any CPU
		{920FCA12-90F8-460A-9F8F-D844E43E21A7}.Release|Any CPU.ActiveCfg = Release|Any CPU
		{920FCA12-90F8-460A-9F8F-D844E43E21A7}.Release|Any CPU.Build.0 = Release|Any CPU
		{4B6C5F8A-5BBB-4B38-B7A6-E075CFEC3796}.Debug|Any CPU.ActiveCfg = Debug|Any CPU
		{4B6C5F8A-5BBB-4B38-B7A6-E075CFEC3796}.Debug|Any CPU.Build.0 = Debug|Any CPU
		{4B6C5F8A-5BBB-4B38-B7A6-E075CFEC3796}.Release|Any CPU.ActiveCfg = Release|Any CPU
		{4B6C5F8A-5BBB-4B38-B7A6-E075CFEC3796}.Release|Any CPU.Build.0 = Release|Any CPU
		{73581BB1-469A-4533-A97D-6ABCCFE2C89A}.Debug|Any CPU.ActiveCfg = Debug|Any CPU
		{73581BB1-469A-4533-A97D-6ABCCFE2C89A}.Debug|Any CPU.Build.0 = Debug|Any CPU
		{73581BB1-469A-4533-A97D-6ABCCFE2C89A}.Release|Any CPU.ActiveCfg = Release|Any CPU
		{73581BB1-469A-4533-A97D-6ABCCFE2C89A}.Release|Any CPU.Build.0 = Release|Any CPU
		{886520EE-7DAB-438A-A9BB-FA0D49794DDA}.Debug|Any CPU.ActiveCfg = Debug|Any CPU
		{886520EE-7DAB-438A-A9BB-FA0D49794DDA}.Debug|Any CPU.Build.0 = Debug|Any CPU
		{886520EE-7DAB-438A-A9BB-FA0D49794DDA}.Release|Any CPU.ActiveCfg = Release|Any CPU
		{886520EE-7DAB-438A-A9BB-FA0D49794DDA}.Release|Any CPU.Build.0 = Release|Any CPU
		{DB205CF6-64B8-424B-A9CD-F640BE1A9626}.Debug|Any CPU.ActiveCfg = Debug|Any CPU
		{DB205CF6-64B8-424B-A9CD-F640BE1A9626}.Debug|Any CPU.Build.0 = Debug|Any CPU
		{DB205CF6-64B8-424B-A9CD-F640BE1A9626}.Release|Any CPU.ActiveCfg = Release|Any CPU
		{DB205CF6-64B8-424B-A9CD-F640BE1A9626}.Release|Any CPU.Build.0 = Release|Any CPU
	EndGlobalSection
	GlobalSection(SolutionProperties) = preSolution
		HideSolutionNode = FALSE
	EndGlobalSection
	GlobalSection(NestedProjects) = preSolution
		{89B9E651-4A8C-487F-8E58-4F3599D18208} = {D3E6864D-7DB7-4BE3-8941-29A997686B87}
		{B8236571-80CF-490C-AFA7-E8388D6511CF} = {D3E6864D-7DB7-4BE3-8941-29A997686B87}
		{E84048BE-71F5-48C4-A349-4FD847D5E3E4} = {D3E6864D-7DB7-4BE3-8941-29A997686B87}
		{48A4C613-C3B2-4A06-A4D7-46F71751DD8E} = {D3E6864D-7DB7-4BE3-8941-29A997686B87}
		{78785D93-00BC-43C5-8703-F0DA8F086B28} = {D3E6864D-7DB7-4BE3-8941-29A997686B87}
		{920FCA12-90F8-460A-9F8F-D844E43E21A7} = {D3E6864D-7DB7-4BE3-8941-29A997686B87}
		{4B6C5F8A-5BBB-4B38-B7A6-E075CFEC3796} = {D3E6864D-7DB7-4BE3-8941-29A997686B87}
		{73581BB1-469A-4533-A97D-6ABCCFE2C89A} = {D3E6864D-7DB7-4BE3-8941-29A997686B87}
		{886520EE-7DAB-438A-A9BB-FA0D49794DDA} = {D3E6864D-7DB7-4BE3-8941-29A997686B87}
		{DB205CF6-64B8-424B-A9CD-F640BE1A9626} = {D3E6864D-7DB7-4BE3-8941-29A997686B87}
	EndGlobalSection
	GlobalSection(ExtensibilityGlobals) = postSolution
		SolutionGuid = {06D002B9-B217-472E-99DF-B1E181C4C068}
	EndGlobalSection
EndGlobal
